
Microsoft Visual Studio Solution File, Format Version 12.00
# Visual Studio 14
VisualStudioVersion = 14.0.25123.0
MinimumVisualStudioVersion = 10.0.40219.1
Project("{FAE04EC0-301F-11D3-BF4B-00C04F79EFBC}") = "island", "island\island.csproj", "{32AF98C8-C1AD-469C-9A6A-F3F78FCD20BD}"
EndProject
Global
	GlobalSection(SolutionConfigurationPlatforms) = preSolution
		Debug|Any CPU = Debug|Any CPU
		Release|Any CPU = Release|Any CPU
	EndGlobalSection
	GlobalSection(ProjectConfigurationPlatforms) = postSolution
		{32AF98C8-C1AD-469C-9A6A-F3F78FCD20BD}.Debug|Any CPU.ActiveCfg = Debug|Any CPU
		{32AF98C8-C1AD-469C-9A6A-F3F78FCD20BD}.Debug|Any CPU.Build.0 = Debug|Any CPU
		{32AF98C8-C1AD-469C-9A6A-F3F78FCD20BD}.Release|Any CPU.ActiveCfg = Release|Any CPU
		{32AF98C8-C1AD-469C-9A6A-F3F78FCD20BD}.Release|Any CPU.Build.0 = Release|Any CPU
	EndGlobalSection
	GlobalSection(SolutionProperties) = preSolution
		HideSolutionNode = FALSE
	EndGlobalSection
EndGlobal
